
Microsoft Visual Studio Solution File, Format Version 12.00
# Visual Studio Version 17
VisualStudioVersion = 17.10.35013.160
MinimumVisualStudioVersion = 10.0.40219.1
Project("{9A19103F-16F7-4668-BE54-9A1E7A4F7556}") = "testcontainers_sample", "testcontainers_sample\testcontainers_sample.csproj", "{78713D05-23D3-4D3B-9D7A-6489153673F0}"
EndProject
Global
	GlobalSection(SolutionConfigurationPlatforms) = preSolution
		Debug|Any CPU = Debug|Any CPU
		Release|Any CPU = Release|Any CPU
	EndGlobalSection
	GlobalSection(ProjectConfigurationPlatforms) = postSolution
		{78713D05-23D3-4D3B-9D7A-6489153673F0}.Debug|Any CPU.ActiveCfg = Debug|Any CPU
		{78713D05-23D3-4D3B-9D7A-6489153673F0}.Debug|Any CPU.Build.0 = Debug|Any CPU
		{78713D05-23D3-4D3B-9D7A-6489153673F0}.Release|Any CPU.ActiveCfg = Release|Any CPU
		{78713D05-23D3-4D3B-9D7A-6489153673F0}.Release|Any CPU.Build.0 = Release|Any CPU
	EndGlobalSection
	GlobalSection(SolutionProperties) = preSolution
		HideSolutionNode = FALSE
	EndGlobalSection
	GlobalSection(ExtensibilityGlobals) = postSolution
		SolutionGuid = {0E278C03-F0A4-4985-8E9C-9BC9BFF320D8}
	EndGlobalSection
EndGlobal
